
Microsoft Visual Studio Solution File, Format Version 12.00
# Visual Studio Version 17
VisualStudioVersion = 17.1.32210.238
MinimumVisualStudioVersion = 10.0.40219.1
Project("{FAE04EC0-301F-11D3-BF4B-00C04F79EFBC}") = "4-ConversoesEOutrosTiposNumericos", "4-ConversoesEOutrosTiposNumericos.csproj", "{739CC276-8FA1-43C9-B93F-4CCA1D96A2BD}"
EndProject
Global
	GlobalSection(SolutionConfigurationPlatforms) = preSolution
		Debug|Any CPU = Debug|Any CPU
		Release|Any CPU = Release|Any CPU
	EndGlobalSection
	GlobalSection(ProjectConfigurationPlatforms) = postSolution
		{739CC276-8FA1-43C9-B93F-4CCA1D96A2BD}.Debug|Any CPU.ActiveCfg = Debug|Any CPU
		{739CC276-8FA1-43C9-B93F-4CCA1D96A2BD}.Debug|Any CPU.Build.0 = Debug|Any CPU
		{739CC276-8FA1-43C9-B93F-4CCA1D96A2BD}.Release|Any CPU.ActiveCfg = Release|Any CPU
		{739CC276-8FA1-43C9-B93F-4CCA1D96A2BD}.Release|Any CPU.Build.0 = Release|Any CPU
	EndGlobalSection
	GlobalSection(SolutionProperties) = preSolution
		HideSolutionNode = FALSE
	EndGlobalSection
	GlobalSection(ExtensibilityGlobals) = postSolution
		SolutionGuid = {AA7B79C9-38FA-4A44-B434-D70DEE93A36E}
	EndGlobalSection
EndGlobal
