
Microsoft Visual Studio Solution File, Format Version 12.00
# Visual Studio Version 17
VisualStudioVersion = 17.1.32210.238
MinimumVisualStudioVersion = 10.0.40219.1
Project("{9A19103F-16F7-4668-BE54-9A1E7A4F7556}") = "01-ByteBank", "01-ByteBank.csproj", "{FF01D13A-23C1-418D-8F10-C92AB8891DE7}"
EndProject
Project("{9A19103F-16F7-4668-BE54-9A1E7A4F7556}") = "02-ByteBank", "..\02-ByteBank\02-ByteBank.csproj", "{2A479F3E-0441-499C-85D6-BA137BF08824}"
EndProject
Project("{9A19103F-16F7-4668-BE54-9A1E7A4F7556}") = "03-ByteBank", "..\03-ByteBank\03-ByteBank.csproj", "{DC886AAA-2EF2-4C52-BC9E-77AEC2554244}"
EndProject
Project("{9A19103F-16F7-4668-BE54-9A1E7A4F7556}") = "04-ByteBank", "..\04-ByteBank\04-ByteBank.csproj", "{4BFA4688-22FB-4EB3-8FCA-2DF6CCC3F180}"
EndProject
Project("{FAE04EC0-301F-11D3-BF4B-00C04F79EFBC}") = "05-ByteBank", "..\05-ByteBank\05-ByteBank.csproj", "{D54124C9-930E-4731-8DC0-01A237B9F3EB}"
EndProject
Global
	GlobalSection(SolutionConfigurationPlatforms) = preSolution
		Debug|Any CPU = Debug|Any CPU
		Release|Any CPU = Release|Any CPU
	EndGlobalSection
	GlobalSection(ProjectConfigurationPlatforms) = postSolution
		{FF01D13A-23C1-418D-8F10-C92AB8891DE7}.Debug|Any CPU.ActiveCfg = Debug|Any CPU
		{FF01D13A-23C1-418D-8F10-C92AB8891DE7}.Debug|Any CPU.Build.0 = Debug|Any CPU
		{FF01D13A-23C1-418D-8F10-C92AB8891DE7}.Release|Any CPU.ActiveCfg = Release|Any CPU
		{FF01D13A-23C1-418D-8F10-C92AB8891DE7}.Release|Any CPU.Build.0 = Release|Any CPU
		{2A479F3E-0441-499C-85D6-BA137BF08824}.Debug|Any CPU.ActiveCfg = Debug|Any CPU
		{2A479F3E-0441-499C-85D6-BA137BF08824}.Debug|Any CPU.Build.0 = Debug|Any CPU
		{2A479F3E-0441-499C-85D6-BA137BF08824}.Release|Any CPU.ActiveCfg = Release|Any CPU
		{2A479F3E-0441-499C-85D6-BA137BF08824}.Release|Any CPU.Build.0 = Release|Any CPU
		{DC886AAA-2EF2-4C52-BC9E-77AEC2554244}.Debug|Any CPU.ActiveCfg = Debug|Any CPU
		{DC886AAA-2EF2-4C52-BC9E-77AEC2554244}.Debug|Any CPU.Build.0 = Debug|Any CPU
		{DC886AAA-2EF2-4C52-BC9E-77AEC2554244}.Release|Any CPU.ActiveCfg = Release|Any CPU
		{DC886AAA-2EF2-4C52-BC9E-77AEC2554244}.Release|Any CPU.Build.0 = Release|Any CPU
		{4BFA4688-22FB-4EB3-8FCA-2DF6CCC3F180}.Debug|Any CPU.ActiveCfg = Debug|Any CPU
		{4BFA4688-22FB-4EB3-8FCA-2DF6CCC3F180}.Debug|Any CPU.Build.0 = Debug|Any CPU
		{4BFA4688-22FB-4EB3-8FCA-2DF6CCC3F180}.Release|Any CPU.ActiveCfg = Release|Any CPU
		{4BFA4688-22FB-4EB3-8FCA-2DF6CCC3F180}.Release|Any CPU.Build.0 = Release|Any CPU
		{D54124C9-930E-4731-8DC0-01A237B9F3EB}.Debug|Any CPU.ActiveCfg = Debug|Any CPU
		{D54124C9-930E-4731-8DC0-01A237B9F3EB}.Debug|Any CPU.Build.0 = Debug|Any CPU
		{D54124C9-930E-4731-8DC0-01A237B9F3EB}.Release|Any CPU.ActiveCfg = Release|Any CPU
		{D54124C9-930E-4731-8DC0-01A237B9F3EB}.Release|Any CPU.Build.0 = Release|Any CPU
	EndGlobalSection
	GlobalSection(SolutionProperties) = preSolution
		HideSolutionNode = FALSE
	EndGlobalSection
	GlobalSection(ExtensibilityGlobals) = postSolution
		SolutionGuid = {0F572D68-EF1B-4F17-B7E1-638ECF8C6D2C}
	EndGlobalSection
EndGlobal
