
Microsoft Visual Studio Solution File, Format Version 12.00
# Visual Studio Version 17
VisualStudioVersion = 17.1.32210.238
MinimumVisualStudioVersion = 10.0.40219.1
Project("{FAE04EC0-301F-11D3-BF4B-00C04F79EFBC}") = "7-Condicionais", "7-Condicionais.csproj", "{2A063007-F922-47F7-A77C-4A21AFDC1F7A}"
EndProject
Global
	GlobalSection(SolutionConfigurationPlatforms) = preSolution
		Debug|Any CPU = Debug|Any CPU
		Release|Any CPU = Release|Any CPU
	EndGlobalSection
	GlobalSection(ProjectConfigurationPlatforms) = postSolution
		{2A063007-F922-47F7-A77C-4A21AFDC1F7A}.Debug|Any CPU.ActiveCfg = Debug|Any CPU
		{2A063007-F922-47F7-A77C-4A21AFDC1F7A}.Debug|Any CPU.Build.0 = Debug|Any CPU
		{2A063007-F922-47F7-A77C-4A21AFDC1F7A}.Release|Any CPU.ActiveCfg = Release|Any CPU
		{2A063007-F922-47F7-A77C-4A21AFDC1F7A}.Release|Any CPU.Build.0 = Release|Any CPU
	EndGlobalSection
	GlobalSection(SolutionProperties) = preSolution
		HideSolutionNode = FALSE
	EndGlobalSection
	GlobalSection(ExtensibilityGlobals) = postSolution
		SolutionGuid = {052296A5-3292-4110-93F7-3E25F479CBB9}
	EndGlobalSection
EndGlobal
